
Microsoft Visual Studio Solution File, Format Version 12.00
# Visual Studio Version 17
VisualStudioVersion = 17.9.34728.123
MinimumVisualStudioVersion = 10.0.40219.1
Project("{9A19103F-16F7-4668-BE54-9A1E7A4F7556}") = "Statistiks", "Statistiks\Statistiks.csproj", "{B977E8AD-ABFF-476D-8325-CAF8E371A4FC}"
EndProject
Global
	GlobalSection(SolutionConfigurationPlatforms) = preSolution
		Debug|Any CPU = Debug|Any CPU
		Release|Any CPU = Release|Any CPU
	EndGlobalSection
	GlobalSection(ProjectConfigurationPlatforms) = postSolution
		{B977E8AD-ABFF-476D-8325-CAF8E371A4FC}.Debug|Any CPU.ActiveCfg = Debug|Any CPU
		{B977E8AD-ABFF-476D-8325-CAF8E371A4FC}.Debug|Any CPU.Build.0 = Debug|Any CPU
		{B977E8AD-ABFF-476D-8325-CAF8E371A4FC}.Release|Any CPU.ActiveCfg = Release|Any CPU
		{B977E8AD-ABFF-476D-8325-CAF8E371A4FC}.Release|Any CPU.Build.0 = Release|Any CPU
	EndGlobalSection
	GlobalSection(SolutionProperties) = preSolution
		HideSolutionNode = FALSE
	EndGlobalSection
	GlobalSection(ExtensibilityGlobals) = postSolution
		SolutionGuid = {42A7D4CC-56F7-426B-B7B7-04614B437095}
	EndGlobalSection
EndGlobal
